<?xml version="1.0" encoding="UTF-8" standalone="yes" ?>
<CodeBlocks_project_file>
	<FileVersion major="1" minor="6" />
	<Project>
		<Option title="conv" />
		<Option pch_mode="2" />
		<Option compiler="gcc" />
		<Build>
			<Target title="Debug">
				<Option output="bin/Debug/conv" prefix_auto="1" extension_auto="1" />
				<Option object_output="obj/Debug/" />
				<Option type="1" />
				<Option compiler="gcc" />
				<Option parameters="54 -no528" />
				<Compiler>
					<Add option="-g" />
					<Add option="-D_FILE_OFFSET_BITS=64" />
					<Add option="-DUSE_TAGGING" />
				</Compiler>
				<Linker>
					<Add library="3rd/libs/libmpgdecoder.a" />
					<Add library="mp3lame" />
					<Add library="id3" />
					<Add library="faad" />
					<Add library="mp4v2" />
				</Linker>
			</Target>
			<Target title="Release">
				<Option output="bin/Release/conv" prefix_auto="1" extension_auto="1" />
				<Option object_output="obj/Release/" />
				<Option type="1" />
				<Option compiler="gcc" />
				<Compiler>
					<Add option="-O2" />
					<Add option="-D_FILE_OFFSET_BITS=64" />
				</Compiler>
				<Linker>
					<Add option="-s" />
				</Linker>
			</Target>
		</Build>
		<Compiler>
			<Add option="-Wall" />
			<Add option="-fexceptions" />
		</Compiler>
		<Linker>
			<Add library="mysqlpp" />
		</Linker>
		<Unit filename="3rd/blade/BladeMP3Enc.c">
			<Option compilerVar="CC" />
		</Unit>
		<Unit filename="3rd/blade/BladeMP3Enc.h" />
		<Unit filename="3rd/faad/faadecoder.h" />
		<Unit filename="3rd/faad/main.c">
			<Option compilerVar="CC" />
		</Unit>
		<Unit filename="3rd/mp4ff/drms.c">
			<Option compilerVar="CC" />
		</Unit>
		<Unit filename="3rd/mp4ff/drms.h" />
		<Unit filename="3rd/mp4ff/drmstables.h" />
		<Unit filename="3rd/mp4ff/mp4atom.c">
			<Option compilerVar="CC" />
		</Unit>
		<Unit filename="3rd/mp4ff/mp4ff.c">
			<Option compilerVar="CC" />
		</Unit>
		<Unit filename="3rd/mp4ff/mp4ff.h" />
		<Unit filename="3rd/mp4ff/mp4ff_int_types.h" />
		<Unit filename="3rd/mp4ff/mp4ffint.h" />
		<Unit filename="3rd/mp4ff/mp4meta.c">
			<Option compilerVar="CC" />
		</Unit>
		<Unit filename="3rd/mp4ff/mp4sample.c">
			<Option compilerVar="CC" />
		</Unit>
		<Unit filename="3rd/mp4ff/mp4tagupdate.c">
			<Option compilerVar="CC" />
		</Unit>
		<Unit filename="3rd/mp4ff/mp4util.c">
			<Option compilerVar="CC" />
		</Unit>
		<Unit filename="3rd/mpglib/common.h" />
		<Unit filename="3rd/mpglib/interface.h" />
		<Unit filename="3rd/mpglib/mpg123.h" />
		<Unit filename="3rd/mpglib/mpglib.h" />
		<Unit filename="AacDecoder.cpp" />
		<Unit filename="AacDecoder.h" />
		<Unit filename="ConsoleHelpers.cpp" />
		<Unit filename="ConsoleHelpers.h" />
		<Unit filename="ConvException.cpp" />
		<Unit filename="ConvException.h" />
		<Unit filename="Conversion.cpp" />
		<Unit filename="Conversion.h" />
		<Unit filename="ConvertUTF.c">
			<Option compilerVar="CC" />
		</Unit>
		<Unit filename="ConvertUTF.h" />
		<Unit filename="Converter528.cpp" />
		<Unit filename="Converter528.h" />
		<Unit filename="ConverterApp.cpp" />
		<Unit filename="ConverterApp.h" />
		<Unit filename="DecoderAdapter.cpp" />
		<Unit filename="DecoderAdapter.h" />
		<Unit filename="EncoderAdapter.cpp" />
		<Unit filename="EncoderAdapter.h" />
		<Unit filename="FlatConverter.cpp" />
		<Unit filename="FlatConverter.h" />
		<Unit filename="IntegerTypes.h" />
		<Unit filename="KString.cpp" />
		<Unit filename="KString.h" />
		<Unit filename="Mp3Decoder.cpp" />
		<Unit filename="Mp3Decoder.h" />
		<Unit filename="Mp3Encoder.cpp" />
		<Unit filename="Mp3Encoder.h" />
		<Unit filename="Progress.h" />
		<Unit filename="Settings.cpp" />
		<Unit filename="Settings.h" />
		<Unit filename="SimpleIni.h" />
		<Unit filename="StaticAssertion.h" />
		<Unit filename="WaveFile.cpp" />
		<Unit filename="WaveFile.h" />
		<Unit filename="WaveFileAdapter.cpp" />
		<Unit filename="WaveFileAdapter.h" />
		<Unit filename="conv.ini" />
		<Unit filename="main.cpp" />
		<Unit filename="stdafx.cpp" />
		<Unit filename="stdafx.h" />
		<Unit filename="tags/ID3Tags.cpp" />
		<Unit filename="tags/ID3Tags.h" />
		<Unit filename="tags/Tags.cpp" />
		<Unit filename="tags/Tags.h" />
		<Unit filename="tags/TagsUsingMP4v2.cpp" />
		<Unit filename="tags/TagsUsingMP4v2.h" />
		<Unit filename="tchar.h" />
		<Extensions>
			<code_completion />
			<debugger />
			<envvars />
		</Extensions>
	</Project>
</CodeBlocks_project_file>
