<?xml version="1.0" encoding="utf-8"?>
<Project ToolsVersion="4.0" xmlns="http://schemas.microsoft.com/developer/msbuild/2003">
  <ItemGroup>
    <Filter Include="Source Files">
      <UniqueIdentifier>{4FC737F1-C7A5-4376-A066-2A32D752A2FF}</UniqueIdentifier>
      <Extensions>cpp;c;cc;cxx;def;odl;idl;hpj;bat;asm;asmx</Extensions>
    </Filter>
    <Filter Include="Header Files">
      <UniqueIdentifier>{93995380-89BD-4b04-88EB-625FBE52EBFB}</UniqueIdentifier>
      <Extensions>h;hpp;hxx;hm;inl;inc;xsd</Extensions>
    </Filter>
    <Filter Include="Resource Files">
      <UniqueIdentifier>{67DA6AB6-F800-4c08-8B7A-83BB121AAD01}</UniqueIdentifier>
      <Extensions>rc;ico;cur;bmp;dlg;rc2;rct;bin;rgs;gif;jpg;jpeg;jpe;resx;tiff;tif;png;wav</Extensions>
    </Filter>
    <Filter Include="Source Files\audacity">
      <UniqueIdentifier>{a5c61bca-9889-46aa-aaa5-9b15cba4c903}</UniqueIdentifier>
    </Filter>
    <Filter Include="Header Files\audacity">
      <UniqueIdentifier>{86d71b53-895b-4b4c-a903-40f781a06518}</UniqueIdentifier>
    </Filter>
    <Filter Include="Server">
      <UniqueIdentifier>{0d882948-1e90-4cc3-8969-c26df0744029}</UniqueIdentifier>
    </Filter>
  </ItemGroup>
  <ItemGroup>
    <ClCompile Include="ConsoleHelpers.cpp">
      <Filter>Source Files</Filter>
    </ClCompile>
    <ClCompile Include="Conversion.cpp">
      <Filter>Source Files</Filter>
    </ClCompile>
    <ClCompile Include="Conversion528.cpp">
      <Filter>Source Files</Filter>
    </ClCompile>
    <ClCompile Include="KString.cpp">
      <Filter>Source Files</Filter>
    </ClCompile>
    <ClCompile Include="stdafx.cpp">
      <Filter>Source Files</Filter>
    </ClCompile>
    <ClCompile Include="WaveFile.cpp">
      <Filter>Source Files</Filter>
    </ClCompile>
    <ClCompile Include="WaveFileAdapter.cpp">
      <Filter>Source Files</Filter>
    </ClCompile>
    <ClCompile Include="FlatConverter.cpp">
      <Filter>Source Files</Filter>
    </ClCompile>
    <ClCompile Include="Converter528.cpp">
      <Filter>Source Files</Filter>
    </ClCompile>
    <ClCompile Include="ExperimentalConverter.cpp">
      <Filter>Source Files</Filter>
    </ClCompile>
    <ClCompile Include="server\IcecastStreamer.cpp">
      <Filter>Server</Filter>
    </ClCompile>
  </ItemGroup>
  <ItemGroup>
    <ClInclude Include="ConsoleHelpers.h">
      <Filter>Header Files</Filter>
    </ClInclude>
    <ClInclude Include="Conversion.h">
      <Filter>Header Files</Filter>
    </ClInclude>
    <ClInclude Include="IntegerTypes.h">
      <Filter>Header Files</Filter>
    </ClInclude>
    <ClInclude Include="KString.h">
      <Filter>Header Files</Filter>
    </ClInclude>
    <ClInclude Include="StaticAssertion.h">
      <Filter>Header Files</Filter>
    </ClInclude>
    <ClInclude Include="stdafx.h">
      <Filter>Header Files</Filter>
    </ClInclude>
    <ClInclude Include="WaveFile.h">
      <Filter>Header Files</Filter>
    </ClInclude>
    <ClInclude Include="WaveFileAdapter.h">
      <Filter>Header Files</Filter>
    </ClInclude>
    <ClInclude Include="Converter528.h">
      <Filter>Header Files</Filter>
    </ClInclude>
    <ClInclude Include="FlatConverter.h">
      <Filter>Header Files</Filter>
    </ClInclude>
    <ClInclude Include="ExperimentalConverter.h">
      <Filter>Header Files</Filter>
    </ClInclude>
    <ClInclude Include="server\IcecastStreamer.h">
      <Filter>Server</Filter>
    </ClInclude>
  </ItemGroup>
  <ItemGroup>
    <Text Include="ReadMe.txt" />
  </ItemGroup>
</Project>