<?xml version="1.0" encoding="utf-8"?>
<Project ToolsVersion="4.0" xmlns="http://schemas.microsoft.com/developer/msbuild/2003">
  <ItemGroup>
    <Filter Include="Source Files">
      <UniqueIdentifier>{4FC737F1-C7A5-4376-A066-2A32D752A2FF}</UniqueIdentifier>
      <Extensions>cpp;c;cc;cxx;def;odl;idl;hpj;bat;asm;asmx</Extensions>
    </Filter>
    <Filter Include="Header Files">
      <UniqueIdentifier>{93995380-89BD-4b04-88EB-625FBE52EBFB}</UniqueIdentifier>
      <Extensions>h;hpp;hxx;hm;inl;inc;xsd</Extensions>
    </Filter>
    <Filter Include="blade">
      <UniqueIdentifier>{732fd927-25ad-4f9c-a394-87a34cf22a96}</UniqueIdentifier>
    </Filter>
    <Filter Include="faad">
      <UniqueIdentifier>{a19ca88b-8baf-4abb-a7ae-d42fecaf58d4}</UniqueIdentifier>
    </Filter>
    <Filter Include="lame">
      <UniqueIdentifier>{6a5933a8-19aa-4d84-a9c8-ce3a8a8179b1}</UniqueIdentifier>
    </Filter>
    <Filter Include="mp3">
      <UniqueIdentifier>{d04e65a1-df8a-4faf-9e25-3e6a41e5badc}</UniqueIdentifier>
    </Filter>
    <Filter Include="icecast">
      <UniqueIdentifier>{0d882948-1e90-4cc3-8969-c26df0744029}</UniqueIdentifier>
    </Filter>
    <Filter Include="wave">
      <UniqueIdentifier>{8069661c-1e6a-4286-8683-294b170351fb}</UniqueIdentifier>
    </Filter>
  </ItemGroup>
  <ItemGroup>
    <ClCompile Include="ConsoleHelpers.cpp">
      <Filter>Source Files</Filter>
    </ClCompile>
    <ClCompile Include="Conversion.cpp">
      <Filter>Source Files</Filter>
    </ClCompile>
    <ClCompile Include="Conversion528.cpp">
      <Filter>Source Files</Filter>
    </ClCompile>
    <ClCompile Include="KString.cpp">
      <Filter>Source Files</Filter>
    </ClCompile>
    <ClCompile Include="stdafx.cpp">
      <Filter>Source Files</Filter>
    </ClCompile>
    <ClCompile Include="WaveFileAdapter.cpp">
      <Filter>Source Files</Filter>
    </ClCompile>
    <ClCompile Include="FlatConverter.cpp">
      <Filter>Source Files</Filter>
    </ClCompile>
    <ClCompile Include="Converter528.cpp">
      <Filter>Source Files</Filter>
    </ClCompile>
    <ClCompile Include="ExperimentalConverter.cpp">
      <Filter>Source Files</Filter>
    </ClCompile>
    <ClCompile Include="DecoderAdapter.cpp">
      <Filter>Source Files</Filter>
    </ClCompile>
    <ClCompile Include="EncoderAdapter.cpp">
      <Filter>Source Files</Filter>
    </ClCompile>
    <ClCompile Include="AacDecoder.cpp">
      <Filter>Source Files</Filter>
    </ClCompile>
    <ClCompile Include="ConvException.cpp">
      <Filter>Source Files</Filter>
    </ClCompile>
    <ClCompile Include="..\blade\BladeMP3Enc.c">
      <Filter>blade</Filter>
    </ClCompile>
    <ClCompile Include="..\faad2-vs\extra\main.c">
      <Filter>faad</Filter>
    </ClCompile>
    <ClCompile Include="mp3\Mp3Decoder.cpp">
      <Filter>mp3</Filter>
    </ClCompile>
    <ClCompile Include="mp3\Mp3Encoder.cpp">
      <Filter>mp3</Filter>
    </ClCompile>
    <ClCompile Include="lame_imported\get_audio_imported.c">
      <Filter>lame</Filter>
    </ClCompile>
    <ClCompile Include="lame_imported\imported.c">
      <Filter>lame</Filter>
    </ClCompile>
    <ClCompile Include="lame_imported\parse_imported.c">
      <Filter>lame</Filter>
    </ClCompile>
    <ClCompile Include="..\lame-3.100\frontend\console.c">
      <Filter>lame</Filter>
    </ClCompile>
    <ClCompile Include="icecast\IcecastStreamer.cpp">
      <Filter>icecast</Filter>
    </ClCompile>
    <ClCompile Include="wave\WaveDecoder.cpp">
      <Filter>wave</Filter>
    </ClCompile>
    <ClCompile Include="wave\WaveEncoder.cpp">
      <Filter>wave</Filter>
    </ClCompile>
    <ClCompile Include="wave\WaveFile.cpp">
      <Filter>wave</Filter>
    </ClCompile>
  </ItemGroup>
  <ItemGroup>
    <ClInclude Include="ConsoleHelpers.h">
      <Filter>Header Files</Filter>
    </ClInclude>
    <ClInclude Include="Conversion.h">
      <Filter>Header Files</Filter>
    </ClInclude>
    <ClInclude Include="IntegerTypes.h">
      <Filter>Header Files</Filter>
    </ClInclude>
    <ClInclude Include="KString.h">
      <Filter>Header Files</Filter>
    </ClInclude>
    <ClInclude Include="StaticAssertion.h">
      <Filter>Header Files</Filter>
    </ClInclude>
    <ClInclude Include="stdafx.h">
      <Filter>Header Files</Filter>
    </ClInclude>
    <ClInclude Include="WaveFile.h">
      <Filter>Header Files</Filter>
    </ClInclude>
    <ClInclude Include="WaveFileAdapter.h">
      <Filter>Header Files</Filter>
    </ClInclude>
    <ClInclude Include="Converter528.h">
      <Filter>Header Files</Filter>
    </ClInclude>
    <ClInclude Include="FlatConverter.h">
      <Filter>Header Files</Filter>
    </ClInclude>
    <ClInclude Include="ExperimentalConverter.h">
      <Filter>Header Files</Filter>
    </ClInclude>
    <ClInclude Include="AudioFile.h">
      <Filter>Header Files</Filter>
    </ClInclude>
    <ClInclude Include="DecoderAdapter.h">
      <Filter>Header Files</Filter>
    </ClInclude>
    <ClInclude Include="EncoderAdapter.h">
      <Filter>Header Files</Filter>
    </ClInclude>
    <ClInclude Include="AacDecoder.h">
      <Filter>Header Files</Filter>
    </ClInclude>
    <ClInclude Include="ConvException.h">
      <Filter>Header Files</Filter>
    </ClInclude>
    <ClInclude Include="..\blade\BladeMP3Enc.h">
      <Filter>blade</Filter>
    </ClInclude>
    <ClInclude Include="..\faad2-vs\extra\faadecoder.h">
      <Filter>faad</Filter>
    </ClInclude>
    <ClInclude Include="mp3\Mp3Decoder.h">
      <Filter>mp3</Filter>
    </ClInclude>
    <ClInclude Include="mp3\Mp3Encoder.h">
      <Filter>mp3</Filter>
    </ClInclude>
    <ClInclude Include="lame_imported\get_audio_imported.h">
      <Filter>lame</Filter>
    </ClInclude>
    <ClInclude Include="lame_imported\imported.h">
      <Filter>lame</Filter>
    </ClInclude>
    <ClInclude Include="lame_imported\parse_imported.h">
      <Filter>lame</Filter>
    </ClInclude>
    <ClInclude Include="..\lame-3.100\frontend\console.h">
      <Filter>lame</Filter>
    </ClInclude>
    <ClInclude Include="icecast\IcecastStreamer.h">
      <Filter>icecast</Filter>
    </ClInclude>
    <ClInclude Include="wave\WaveDecoder.h">
      <Filter>wave</Filter>
    </ClInclude>
    <ClInclude Include="wave\WaveEncoder.h">
      <Filter>wave</Filter>
    </ClInclude>
    <ClInclude Include="wave\WaveFile.h">
      <Filter>wave</Filter>
    </ClInclude>
  </ItemGroup>
  <ItemGroup>
    <Text Include="ReadMe.txt" />
  </ItemGroup>
</Project>