<?xml version="1.0" encoding="utf-8"?>
<Project ToolsVersion="4.0" xmlns="http://schemas.microsoft.com/developer/msbuild/2003">
  <ItemGroup>
    <Filter Include="Source Files">
      <UniqueIdentifier>{4FC737F1-C7A5-4376-A066-2A32D752A2FF}</UniqueIdentifier>
      <Extensions>cpp;c;cc;cxx;def;odl;idl;hpj;bat;asm;asmx</Extensions>
    </Filter>
    <Filter Include="Header Files">
      <UniqueIdentifier>{93995380-89BD-4b04-88EB-625FBE52EBFB}</UniqueIdentifier>
      <Extensions>h;hpp;hxx;hm;inl;inc;xsd</Extensions>
    </Filter>
    <Filter Include="mp3">
      <UniqueIdentifier>{d04e65a1-df8a-4faf-9e25-3e6a41e5badc}</UniqueIdentifier>
    </Filter>
    <Filter Include="icecast">
      <UniqueIdentifier>{0d882948-1e90-4cc3-8969-c26df0744029}</UniqueIdentifier>
    </Filter>
    <Filter Include="wave">
      <UniqueIdentifier>{8069661c-1e6a-4286-8683-294b170351fb}</UniqueIdentifier>
    </Filter>
    <Filter Include="aac">
      <UniqueIdentifier>{38121723-0d54-4a54-8fec-8328aae5fc06}</UniqueIdentifier>
    </Filter>
  </ItemGroup>
  <ItemGroup>
    <ClCompile Include="Conversion528.cpp">
      <Filter>Source Files</Filter>
    </ClCompile>
    <ClCompile Include="KString.cpp">
      <Filter>Source Files</Filter>
    </ClCompile>
    <ClCompile Include="stdafx.cpp">
      <Filter>Source Files</Filter>
    </ClCompile>
    <ClCompile Include="mp3\Mp3Decoder.cpp">
      <Filter>mp3</Filter>
    </ClCompile>
    <ClCompile Include="icecast\IcecastStreamer.cpp">
      <Filter>icecast</Filter>
    </ClCompile>
    <ClCompile Include="wave\WaveDecoder.cpp">
      <Filter>wave</Filter>
    </ClCompile>
    <ClCompile Include="wave\WaveFile.cpp">
      <Filter>wave</Filter>
    </ClCompile>
    <ClCompile Include="aac\AacDecoder.cpp">
      <Filter>aac</Filter>
    </ClCompile>
  </ItemGroup>
  <ItemGroup>
    <ClInclude Include="IntegerTypes.h">
      <Filter>Header Files</Filter>
    </ClInclude>
    <ClInclude Include="KString.h">
      <Filter>Header Files</Filter>
    </ClInclude>
    <ClInclude Include="StaticAssertion.h">
      <Filter>Header Files</Filter>
    </ClInclude>
    <ClInclude Include="stdafx.h">
      <Filter>Header Files</Filter>
    </ClInclude>
    <ClInclude Include="AudioFile.h">
      <Filter>Header Files</Filter>
    </ClInclude>
    <ClInclude Include="ConvException.h">
      <Filter>Header Files</Filter>
    </ClInclude>
    <ClInclude Include="mp3\Mp3Decoder.h">
      <Filter>mp3</Filter>
    </ClInclude>
    <ClInclude Include="icecast\IcecastStreamer.h">
      <Filter>icecast</Filter>
    </ClInclude>
    <ClInclude Include="wave\WaveDecoder.h">
      <Filter>wave</Filter>
    </ClInclude>
    <ClInclude Include="wave\WaveFile.h">
      <Filter>wave</Filter>
    </ClInclude>
    <ClInclude Include="aac\AacDecoder.h">
      <Filter>aac</Filter>
    </ClInclude>
  </ItemGroup>
  <ItemGroup>
    <Text Include="ReadMe.txt" />
  </ItemGroup>
</Project>